// !$*UTF8*$!
{
	archiveVersion = 1;
	classes = {
	};
	objectVersion = 56;
	objects = {

/* Begin PBXBuildFile section */
		0419A3282B52D97E000AD099 /* CreateViewController.swift in Sources */ = {isa = PBXBuildFile; fileRef = 0419A3272B52D97E000AD099 /* CreateViewController.swift */; };
		043DBE382B53836300F6DFBD /* PostService.swift in Sources */ = {isa = PBXBuildFile; fileRef = 043DBE372B53836300F6DFBD /* PostService.swift */; };
		043DBE3A2B538BF200F6DFBD /* NoteModel.swift in Sources */ = {isa = PBXBuildFile; fileRef = 043DBE392B538BF200F6DFBD /* NoteModel.swift */; };
		04466BA42B52B0FF004240E7 /* Extension.swift in Sources */ = {isa = PBXBuildFile; fileRef = 04466BA32B52B0FF004240E7 /* Extension.swift */; };
		044A7E5A2B5278DD0081A44B /* GoogleService-Info.plist in Resources */ = {isa = PBXBuildFile; fileRef = 044A7E592B5278DD0081A44B /* GoogleService-Info.plist */; };
		044A7E602B5280BC0081A44B /* TodoCellTableViewCell.swift in Sources */ = {isa = PBXBuildFile; fileRef = 044A7E5F2B5280BC0081A44B /* TodoCellTableViewCell.swift */; };
		04D843C92B52779F0090B0D8 /* AppDelegate.swift in Sources */ = {isa = PBXBuildFile; fileRef = 04D843C82B52779F0090B0D8 /* AppDelegate.swift */; };
		04D843CB2B52779F0090B0D8 /* SceneDelegate.swift in Sources */ = {isa = PBXBuildFile; fileRef = 04D843CA2B52779F0090B0D8 /* SceneDelegate.swift */; };
		04D843CD2B52779F0090B0D8 /* ViewController.swift in Sources */ = {isa = PBXBuildFile; fileRef = 04D843CC2B52779F0090B0D8 /* ViewController.swift */; };
		04D843D02B52779F0090B0D8 /* Main.storyboard in Resources */ = {isa = PBXBuildFile; fileRef = 04D843CE2B52779F0090B0D8 /* Main.storyboard */; };
		04D843D22B5277A00090B0D8 /* Assets.xcassets in Resources */ = {isa = PBXBuildFile; fileRef = 04D843D12B5277A00090B0D8 /* Assets.xcassets */; };
		04D843D52B5277A00090B0D8 /* LaunchScreen.storyboard in Resources */ = {isa = PBXBuildFile; fileRef = 04D843D32B5277A00090B0D8 /* LaunchScreen.storyboard */; };
		2984EA3E760A1DA6B7E98207 /* Pods_Todo.framework in Frameworks */ = {isa = PBXBuildFile; fileRef = 13D241E090968EA192DE545D /* Pods_Todo.framework */; };
/* End PBXBuildFile section */

/* Begin PBXFileReference section */
		0419A3262B52B353000AD099 /* Todo.app */ = {isa = PBXFileReference; explicitFileType = wrapper.application; includeInIndex = 0; path = Todo.app; sourceTree = BUILT_PRODUCTS_DIR; };
		0419A3272B52D97E000AD099 /* CreateViewController.swift */ = {isa = PBXFileReference; lastKnownFileType = sourcecode.swift; path = CreateViewController.swift; sourceTree = "<group>"; };
		043DBE372B53836300F6DFBD /* PostService.swift */ = {isa = PBXFileReference; lastKnownFileType = sourcecode.swift; path = PostService.swift; sourceTree = "<group>"; };
		043DBE392B538BF200F6DFBD /* NoteModel.swift */ = {isa = PBXFileReference; lastKnownFileType = sourcecode.swift; path = NoteModel.swift; sourceTree = "<group>"; };
		04466BA32B52B0FF004240E7 /* Extension.swift */ = {isa = PBXFileReference; lastKnownFileType = sourcecode.swift; path = Extension.swift; sourceTree = "<group>"; };
		044A7E592B5278DD0081A44B /* GoogleService-Info.plist */ = {isa = PBXFileReference; fileEncoding = 4; lastKnownFileType = text.plist.xml; path = "GoogleService-Info.plist"; sourceTree = "<group>"; };
		044A7E5F2B5280BC0081A44B /* TodoCellTableViewCell.swift */ = {isa = PBXFileReference; lastKnownFileType = sourcecode.swift; path = TodoCellTableViewCell.swift; sourceTree = "<group>"; };
		04D843C82B52779F0090B0D8 /* AppDelegate.swift */ = {isa = PBXFileReference; lastKnownFileType = sourcecode.swift; path = AppDelegate.swift; sourceTree = "<group>"; };
		04D843CA2B52779F0090B0D8 /* SceneDelegate.swift */ = {isa = PBXFileReference; lastKnownFileType = sourcecode.swift; path = SceneDelegate.swift; sourceTree = "<group>"; };
		04D843CC2B52779F0090B0D8 /* ViewController.swift */ = {isa = PBXFileReference; lastKnownFileType = sourcecode.swift; path = ViewController.swift; sourceTree = "<group>"; };
		04D843CF2B52779F0090B0D8 /* Base */ = {isa = PBXFileReference; lastKnownFileType = file.storyboard; name = Base; path = Base.lproj/Main.storyboard; sourceTree = "<group>"; };
		04D843D12B5277A00090B0D8 /* Assets.xcassets */ = {isa = PBXFileReference; lastKnownFileType = folder.assetcatalog; path = Assets.xcassets; sourceTree = "<group>"; };
		04D843D42B5277A00090B0D8 /* Base */ = {isa = PBXFileReference; lastKnownFileType = file.storyboard; name = Base; path = Base.lproj/LaunchScreen.storyboard; sourceTree = "<group>"; };
		04D843D62B5277A00090B0D8 /* Info.plist */ = {isa = PBXFileReference; lastKnownFileType = text.plist.xml; path = Info.plist; sourceTree = "<group>"; };
		13D241E090968EA192DE545D /* Pods_Todo.framework */ = {isa = PBXFileReference; explicitFileType = wrapper.framework; includeInIndex = 0; path = Pods_Todo.framework; sourceTree = BUILT_PRODUCTS_DIR; };
		8B7923211149E0C46153B1FD /* Pods-Todo.debug.xcconfig */ = {isa = PBXFileReference; includeInIndex = 1; lastKnownFileType = text.xcconfig; name = "Pods-Todo.debug.xcconfig"; path = "Target Support Files/Pods-Todo/Pods-Todo.debug.xcconfig"; sourceTree = "<group>"; };
		F3418CB08E620DDE277C699E /* Pods-Todo.release.xcconfig */ = {isa = PBXFileReference; includeInIndex = 1; lastKnownFileType = text.xcconfig; name = "Pods-Todo.release.xcconfig"; path = "Target Support Files/Pods-Todo/Pods-Todo.release.xcconfig"; sourceTree = "<group>"; };
/* End PBXFileReference section */

/* Begin PBXFrameworksBuildPhase section */
		04D843C22B52779F0090B0D8 /* Frameworks */ = {
			isa = PBXFrameworksBuildPhase;
			buildActionMask = 2147483647;
			files = (
				2984EA3E760A1DA6B7E98207 /* Pods_Todo.framework in Frameworks */,
			);
			runOnlyForDeploymentPostprocessing = 0;
		};
/* End PBXFrameworksBuildPhase section */

/* Begin PBXGroup section */
		043DBE362B53834E00F6DFBD /* API */ = {
			isa = PBXGroup;
			children = (
				043DBE372B53836300F6DFBD /* PostService.swift */,
			);
			path = API;
			sourceTree = "<group>";
		};
		044A7E5B2B527A080081A44B /* Support */ = {
			isa = PBXGroup;
			children = (
				04D843CA2B52779F0090B0D8 /* SceneDelegate.swift */,
				04D843C82B52779F0090B0D8 /* AppDelegate.swift */,
			);
			path = Support;
			sourceTree = "<group>";
		};
		044A7E5C2B527A1D0081A44B /* Controller */ = {
			isa = PBXGroup;
			children = (
				04D843CC2B52779F0090B0D8 /* ViewController.swift */,
				0419A3272B52D97E000AD099 /* CreateViewController.swift */,
			);
			path = Controller;
			sourceTree = "<group>";
		};
		044A7E5D2B527A300081A44B /* Model */ = {
			isa = PBXGroup;
			children = (
				043DBE392B538BF200F6DFBD /* NoteModel.swift */,
			);
			path = Model;
			sourceTree = "<group>";
		};
		044A7E5E2B527A3B0081A44B /* View */ = {
			isa = PBXGroup;
			children = (
				04D843D32B5277A00090B0D8 /* LaunchScreen.storyboard */,
				04D843CE2B52779F0090B0D8 /* Main.storyboard */,
				044A7E5F2B5280BC0081A44B /* TodoCellTableViewCell.swift */,
			);
			path = View;
			sourceTree = "<group>";
		};
		044A7E612B5284D30081A44B /* Utilities */ = {
			isa = PBXGroup;
			children = (
				04466BA32B52B0FF004240E7 /* Extension.swift */,
			);
			path = Utilities;
			sourceTree = "<group>";
		};
		04D843BC2B52779F0090B0D8 = {
			isa = PBXGroup;
			children = (
				04D843C72B52779F0090B0D8 /* Todo */,
				7A15FD7A0FB60961ADBAC88E /* Pods */,
				8AEC2FA1ACF688CB140C161D /* Frameworks */,
				0419A3262B52B353000AD099 /* Todo.app */,
			);
			sourceTree = "<group>";
		};
		04D843C72B52779F0090B0D8 /* Todo */ = {
			isa = PBXGroup;
			children = (
				043DBE362B53834E00F6DFBD /* API */,
				044A7E612B5284D30081A44B /* Utilities */,
				044A7E5E2B527A3B0081A44B /* View */,
				044A7E5D2B527A300081A44B /* Model */,
				044A7E5C2B527A1D0081A44B /* Controller */,
				044A7E5B2B527A080081A44B /* Support */,
				04D843D12B5277A00090B0D8 /* Assets.xcassets */,
				04D843D62B5277A00090B0D8 /* Info.plist */,
				044A7E592B5278DD0081A44B /* GoogleService-Info.plist */,
			);
			path = Todo;
			sourceTree = "<group>";
		};
		7A15FD7A0FB60961ADBAC88E /* Pods */ = {
			isa = PBXGroup;
			children = (
				8B7923211149E0C46153B1FD /* Pods-Todo.debug.xcconfig */,
				F3418CB08E620DDE277C699E /* Pods-Todo.release.xcconfig */,
			);
			path = Pods;
			sourceTree = "<group>";
		};
		8AEC2FA1ACF688CB140C161D /* Frameworks */ = {
			isa = PBXGroup;
			children = (
				13D241E090968EA192DE545D /* Pods_Todo.framework */,
			);
			name = Frameworks;
			sourceTree = "<group>";
		};
/* End PBXGroup section */

/* Begin PBXNativeTarget section */
		04D843C42B52779F0090B0D8 /* Todo */ = {
			isa = PBXNativeTarget;
			buildConfigurationList = 04D843D92B5277A00090B0D8 /* Build configuration list for PBXNativeTarget "Todo" */;
			buildPhases = (
				982C8C909C5CE1F5A85BD92F /* [CP] Check Pods Manifest.lock */,
				04D843C12B52779F0090B0D8 /* Sources */,
				04D843C22B52779F0090B0D8 /* Frameworks */,
				04D843C32B52779F0090B0D8 /* Resources */,
				FF44A85591C5B07389D8B5A6 /* [CP] Embed Pods Frameworks */,
			);
			buildRules = (
			);
			dependencies = (
			);
			name = Todo;
			productName = Todo;
			productReference = 0419A3262B52B353000AD099 /* Todo.app */;
			productType = "com.apple.product-type.application";
		};
/* End PBXNativeTarget section */

/* Begin PBXProject section */
		04D843BD2B52779F0090B0D8 /* Project object */ = {
			isa = PBXProject;
			attributes = {
				BuildIndependentTargetsInParallel = 1;
				LastSwiftUpdateCheck = 1510;
				LastUpgradeCheck = 1510;
				TargetAttributes = {
					04D843C42B52779F0090B0D8 = {
						CreatedOnToolsVersion = 15.1;
					};
				};
			};
			buildConfigurationList = 04D843C02B52779F0090B0D8 /* Build configuration list for PBXProject "Todo" */;
			compatibilityVersion = "Xcode 14.0";
			developmentRegion = en;
			hasScannedForEncodings = 0;
			knownRegions = (
				en,
				Base,
			);
			mainGroup = 04D843BC2B52779F0090B0D8;
			productRefGroup = 04D843BC2B52779F0090B0D8;
			projectDirPath = "";
			projectRoot = "";
			targets = (
				04D843C42B52779F0090B0D8 /* Todo */,
			);
		};
/* End PBXProject section */

/* Begin PBXResourcesBuildPhase section */
		04D843C32B52779F0090B0D8 /* Resources */ = {
			isa = PBXResourcesBuildPhase;
			buildActionMask = 2147483647;
			files = (
				04D843D52B5277A00090B0D8 /* LaunchScreen.storyboard in Resources */,
				044A7E5A2B5278DD0081A44B /* GoogleService-Info.plist in Resources */,
				04D843D22B5277A00090B0D8 /* Assets.xcassets in Resources */,
				04D843D02B52779F0090B0D8 /* Main.storyboard in Resources */,
			);
			runOnlyForDeploymentPostprocessing = 0;
		};
/* End PBXResourcesBuildPhase section */

/* Begin PBXShellScriptBuildPhase section */
		982C8C909C5CE1F5A85BD92F /* [CP] Check Pods Manifest.lock */ = {
			isa = PBXShellScriptBuildPhase;
			buildActionMask = 2147483647;
			files = (
			);
			inputFileListPaths = (
			);
			inputPaths = (
				"${PODS_PODFILE_DIR_PATH}/Podfile.lock",
				"${PODS_ROOT}/Manifest.lock",
			);
			name = "[CP] Check Pods Manifest.lock";
			outputFileListPaths = (
			);
			outputPaths = (
				"$(DERIVED_FILE_DIR)/Pods-Todo-checkManifestLockResult.txt",
			);
			runOnlyForDeploymentPostprocessing = 0;
			shellPath = /bin/sh;
			shellScript = "diff \"${PODS_PODFILE_DIR_PATH}/Podfile.lock\" \"${PODS_ROOT}/Manifest.lock\" > /dev/null\nif [ $? != 0 ] ; then\n    # print error to STDERR\n    echo \"error: The sandbox is not in sync with the Podfile.lock. Run 'pod install' or update your CocoaPods installation.\" >&2\n    exit 1\nfi\n# This output is used by Xcode 'outputs' to avoid re-running this script phase.\necho \"SUCCESS\" > \"${SCRIPT_OUTPUT_FILE_0}\"\n";
			showEnvVarsInLog = 0;
		};
		FF44A85591C5B07389D8B5A6 /* [CP] Embed Pods Frameworks */ = {
			isa = PBXShellScriptBuildPhase;
			buildActionMask = 2147483647;
			files = (
			);
			inputFileListPaths = (
				"${PODS_ROOT}/Target Support Files/Pods-Todo/Pods-Todo-frameworks-${CONFIGURATION}-input-files.xcfilelist",
			);
			name = "[CP] Embed Pods Frameworks";
			outputFileListPaths = (
				"${PODS_ROOT}/Target Support Files/Pods-Todo/Pods-Todo-frameworks-${CONFIGURATION}-output-files.xcfilelist",
			);
			runOnlyForDeploymentPostprocessing = 0;
			shellPath = /bin/sh;
			shellScript = "\"${PODS_ROOT}/Target Support Files/Pods-Todo/Pods-Todo-frameworks.sh\"\n";
			showEnvVarsInLog = 0;
		};
/* End PBXShellScriptBuildPhase section */

/* Begin PBXSourcesBuildPhase section */
		04D843C12B52779F0090B0D8 /* Sources */ = {
			isa = PBXSourcesBuildPhase;
			buildActionMask = 2147483647;
			files = (
				04466BA42B52B0FF004240E7 /* Extension.swift in Sources */,
				043DBE3A2B538BF200F6DFBD /* NoteModel.swift in Sources */,
				04D843CD2B52779F0090B0D8 /* ViewController.swift in Sources */,
				043DBE382B53836300F6DFBD /* PostService.swift in Sources */,
				0419A3282B52D97E000AD099 /* CreateViewController.swift in Sources */,
				04D843C92B52779F0090B0D8 /* AppDelegate.swift in Sources */,
				04D843CB2B52779F0090B0D8 /* SceneDelegate.swift in Sources */,
				044A7E602B5280BC0081A44B /* TodoCellTableViewCell.swift in Sources */,
			);
			runOnlyForDeploymentPostprocessing = 0;
		};
/* End PBXSourcesBuildPhase section */

/* Begin PBXVariantGroup section */
		04D843CE2B52779F0090B0D8 /* Main.storyboard */ = {
			isa = PBXVariantGroup;
			children = (
				04D843CF2B52779F0090B0D8 /* Base */,
			);
			name = Main.storyboard;
			sourceTree = "<group>";
		};
		04D843D32B5277A00090B0D8 /* LaunchScreen.storyboard */ = {
			isa = PBXVariantGroup;
			children = (
				04D843D42B5277A00090B0D8 /* Base */,
			);
			name = LaunchScreen.storyboard;
			sourceTree = "<group>";
		};
/* End PBXVariantGroup section */

/* Begin XCBuildConfiguration section */
		04D843D72B5277A00090B0D8 /* Debug */ = {
			isa = XCBuildConfiguration;
			buildSettings = {
				ALWAYS_SEARCH_USER_PATHS = NO;
				ASSETCATALOG_COMPILER_GENERATE_SWIFT_ASSET_SYMBOL_EXTENSIONS = YES;
				CLANG_ANALYZER_NONNULL = YES;
				CLANG_ANALYZER_NUMBER_OBJECT_CONVERSION = YES_AGGRESSIVE;
				CLANG_CXX_LANGUAGE_STANDARD = "gnu++20";
				CLANG_ENABLE_MODULES = YES;
				CLANG_ENABLE_OBJC_ARC = YES;
				CLANG_ENABLE_OBJC_WEAK = YES;
				CLANG_WARN_BLOCK_CAPTURE_AUTORELEASING = YES;
				CLANG_WARN_BOOL_CONVERSION = YES;
				CLANG_WARN_COMMA = YES;
				CLANG_WARN_CONSTANT_CONVERSION = YES;
				CLANG_WARN_DEPRECATED_OBJC_IMPLEMENTATIONS = YES;
				CLANG_WARN_DIRECT_OBJC_ISA_USAGE = YES_ERROR;
				CLANG_WARN_DOCUMENTATION_COMMENTS = YES;
				CLANG_WARN_EMPTY_BODY = YES;
				CLANG_WARN_ENUM_CONVERSION = YES;
				CLANG_WARN_INFINITE_RECURSION = YES;
				CLANG_WARN_INT_CONVERSION = YES;
				CLANG_WARN_NON_LITERAL_NULL_CONVERSION = YES;
				CLANG_WARN_OBJC_IMPLICIT_RETAIN_SELF = YES;
				CLANG_WARN_OBJC_LITERAL_CONVERSION = YES;
				CLANG_WARN_OBJC_ROOT_CLASS = YES_ERROR;
				CLANG_WARN_QUOTED_INCLUDE_IN_FRAMEWORK_HEADER = YES;
				CLANG_WARN_RANGE_LOOP_ANALYSIS = YES;
				CLANG_WARN_STRICT_PROTOTYPES = YES;
				CLANG_WARN_SUSPICIOUS_MOVE = YES;
				CLANG_WARN_UNGUARDED_AVAILABILITY = YES_AGGRESSIVE;
				CLANG_WARN_UNREACHABLE_CODE = YES;
				CLANG_WARN__DUPLICATE_METHOD_MATCH = YES;
				COPY_PHASE_STRIP = NO;
				DEBUG_INFORMATION_FORMAT = dwarf;
				ENABLE_STRICT_OBJC_MSGSEND = YES;
				ENABLE_TESTABILITY = YES;
				ENABLE_USER_SCRIPT_SANDBOXING = NO;
				GCC_C_LANGUAGE_STANDARD = gnu17;
				GCC_DYNAMIC_NO_PIC = NO;
				GCC_NO_COMMON_BLOCKS = YES;
				GCC_OPTIMIZATION_LEVEL = 0;
				GCC_PREPROCESSOR_DEFINITIONS = (
					"DEBUG=1",
					"$(inherited)",
				);
				GCC_WARN_64_TO_32_BIT_CONVERSION = YES;
				GCC_WARN_ABOUT_RETURN_TYPE = YES_ERROR;
				GCC_WARN_UNDECLARED_SELECTOR = YES;
				GCC_WARN_UNINITIALIZED_AUTOS = YES_AGGRESSIVE;
				GCC_WARN_UNUSED_FUNCTION = YES;
				GCC_WARN_UNUSED_VARIABLE = YES;
				IPHONEOS_DEPLOYMENT_TARGET = 17.2;
				LOCALIZATION_PREFERS_STRING_CATALOGS = YES;
				MTL_ENABLE_DEBUG_INFO = INCLUDE_SOURCE;
				MTL_FAST_MATH = YES;
				ONLY_ACTIVE_ARCH = YES;
				SDKROOT = iphoneos;
				SWIFT_ACTIVE_COMPILATION_CONDITIONS = "DEBUG $(inherited)";
				SWIFT_OPTIMIZATION_LEVEL = "-Onone";
			};
			name = Debug;
		};
		04D843D82B5277A00090B0D8 /* Release */ = {
			isa = XCBuildConfiguration;
			buildSettings = {
				ALWAYS_SEARCH_USER_PATHS = NO;
				ASSETCATALOG_COMPILER_GENERATE_SWIFT_ASSET_SYMBOL_EXTENSIONS = YES;
				CLANG_ANALYZER_NONNULL = YES;
				CLANG_ANALYZER_NUMBER_OBJECT_CONVERSION = YES_AGGRESSIVE;
				CLANG_CXX_LANGUAGE_STANDARD = "gnu++20";
				CLANG_ENABLE_MODULES = YES;
				CLANG_ENABLE_OBJC_ARC = YES;
				CLANG_ENABLE_OBJC_WEAK = YES;
				CLANG_WARN_BLOCK_CAPTURE_AUTORELEASING = YES;
				CLANG_WARN_BOOL_CONVERSION = YES;
				CLANG_WARN_COMMA = YES;
				CLANG_WARN_CONSTANT_CONVERSION = YES;
				CLANG_WARN_DEPRECATED_OBJC_IMPLEMENTATIONS = YES;
				CLANG_WARN_DIRECT_OBJC_ISA_USAGE = YES_ERROR;
				CLANG_WARN_DOCUMENTATION_COMMENTS = YES;
				CLANG_WARN_EMPTY_BODY = YES;
				CLANG_WARN_ENUM_CONVERSION = YES;
				CLANG_WARN_INFINITE_RECURSION = YES;
				CLANG_WARN_INT_CONVERSION = YES;
				CLANG_WARN_NON_LITERAL_NULL_CONVERSION = YES;
				CLANG_WARN_OBJC_IMPLICIT_RETAIN_SELF = YES;
				CLANG_WARN_OBJC_LITERAL_CONVERSION = YES;
				CLANG_WARN_OBJC_ROOT_CLASS = YES_ERROR;
				CLANG_WARN_QUOTED_INCLUDE_IN_FRAMEWORK_HEADER = YES;
				CLANG_WARN_RANGE_LOOP_ANALYSIS = YES;
				CLANG_WARN_STRICT_PROTOTYPES = YES;
				CLANG_WARN_SUSPICIOUS_MOVE = YES;
				CLANG_WARN_UNGUARDED_AVAILABILITY = YES_AGGRESSIVE;
				CLANG_WARN_UNREACHABLE_CODE = YES;
				CLANG_WARN__DUPLICATE_METHOD_MATCH = YES;
				COPY_PHASE_STRIP = NO;
				DEBUG_INFORMATION_FORMAT = "dwarf-with-dsym";
				ENABLE_NS_ASSERTIONS = NO;
				ENABLE_STRICT_OBJC_MSGSEND = YES;
				ENABLE_USER_SCRIPT_SANDBOXING = NO;
				GCC_C_LANGUAGE_STANDARD = gnu17;
				GCC_NO_COMMON_BLOCKS = YES;
				GCC_WARN_64_TO_32_BIT_CONVERSION = YES;
				GCC_WARN_ABOUT_RETURN_TYPE = YES_ERROR;
				GCC_WARN_UNDECLARED_SELECTOR = YES;
				GCC_WARN_UNINITIALIZED_AUTOS = YES_AGGRESSIVE;
				GCC_WARN_UNUSED_FUNCTION = YES;
				GCC_WARN_UNUSED_VARIABLE = YES;
				IPHONEOS_DEPLOYMENT_TARGET = 17.2;
				LOCALIZATION_PREFERS_STRING_CATALOGS = YES;
				MTL_ENABLE_DEBUG_INFO = NO;
				MTL_FAST_MATH = YES;
				SDKROOT = iphoneos;
				SWIFT_COMPILATION_MODE = wholemodule;
				VALIDATE_PRODUCT = YES;
			};
			name = Release;
		};
		04D843DA2B5277A00090B0D8 /* Debug */ = {
			isa = XCBuildConfiguration;
			baseConfigurationReference = 8B7923211149E0C46153B1FD /* Pods-Todo.debug.xcconfig */;
			buildSettings = {
				ASSETCATALOG_COMPILER_APPICON_NAME = AppIcon;
				ASSETCATALOG_COMPILER_GLOBAL_ACCENT_COLOR_NAME = AccentColor;
				CODE_SIGN_STYLE = Automatic;
				CURRENT_PROJECT_VERSION = 1;
				GENERATE_INFOPLIST_FILE = YES;
				INFOPLIST_FILE = Todo/Info.plist;
				INFOPLIST_KEY_UIApplicationSupportsIndirectInputEvents = YES;
				INFOPLIST_KEY_UILaunchStoryboardName = LaunchScreen;
				INFOPLIST_KEY_UIMainStoryboardFile = Main;
				INFOPLIST_KEY_UISupportedInterfaceOrientations_iPad = "UIInterfaceOrientationPortrait UIInterfaceOrientationPortraitUpsideDown UIInterfaceOrientationLandscapeLeft UIInterfaceOrientationLandscapeRight";
				INFOPLIST_KEY_UISupportedInterfaceOrientations_iPhone = "UIInterfaceOrientationPortrait UIInterfaceOrientationLandscapeLeft UIInterfaceOrientationLandscapeRight";
				LD_RUNPATH_SEARCH_PATHS = (
					"$(inherited)",
					"@executable_path/Frameworks",
				);
				MARKETING_VERSION = 1.0;
				PRODUCT_BUNDLE_IDENTIFIER = MTM.Todo;
				PRODUCT_NAME = "$(TARGET_NAME)";
				SWIFT_EMIT_LOC_STRINGS = YES;
				SWIFT_VERSION = 5.0;
				TARGETED_DEVICE_FAMILY = "1,2";
			};
			name = Debug;
		};
		04D843DB2B5277A00090B0D8 /* Release */ = {
			isa = XCBuildConfiguration;
			baseConfigurationReference = F3418CB08E620DDE277C699E /* Pods-Todo.release.xcconfig */;
			buildSettings = {
				ASSETCATALOG_COMPILER_APPICON_NAME = AppIcon;
				ASSETCATALOG_COMPILER_GLOBAL_ACCENT_COLOR_NAME = AccentColor;
				CODE_SIGN_STYLE = Automatic;
				CURRENT_PROJECT_VERSION = 1;
				GENERATE_INFOPLIST_FILE = YES;
				INFOPLIST_FILE = Todo/Info.plist;
				INFOPLIST_KEY_UIApplicationSupportsIndirectInputEvents = YES;
				INFOPLIST_KEY_UILaunchStoryboardName = LaunchScreen;
				INFOPLIST_KEY_UIMainStoryboardFile = Main;
				INFOPLIST_KEY_UISupportedInterfaceOrientations_iPad = "UIInterfaceOrientationPortrait UIInterfaceOrientationPortraitUpsideDown UIInterfaceOrientationLandscapeLeft UIInterfaceOrientationLandscapeRight";
				INFOPLIST_KEY_UISupportedInterfaceOrientations_iPhone = "UIInterfaceOrientationPortrait UIInterfaceOrientationLandscapeLeft UIInterfaceOrientationLandscapeRight";
				LD_RUNPATH_SEARCH_PATHS = (
					"$(inherited)",
					"@executable_path/Frameworks",
				);
				MARKETING_VERSION = 1.0;
				PRODUCT_BUNDLE_IDENTIFIER = MTM.Todo;
				PRODUCT_NAME = "$(TARGET_NAME)";
				SWIFT_EMIT_LOC_STRINGS = YES;
				SWIFT_VERSION = 5.0;
				TARGETED_DEVICE_FAMILY = "1,2";
			};
			name = Release;
		};
/* End XCBuildConfiguration section */

/* Begin XCConfigurationList section */
		04D843C02B52779F0090B0D8 /* Build configuration list for PBXProject "Todo" */ = {
			isa = XCConfigurationList;
			buildConfigurations = (
				04D843D72B5277A00090B0D8 /* Debug */,
				04D843D82B5277A00090B0D8 /* Release */,
			);
			defaultConfigurationIsVisible = 0;
			defaultConfigurationName = Release;
		};
		04D843D92B5277A00090B0D8 /* Build configuration list for PBXNativeTarget "Todo" */ = {
			isa = XCConfigurationList;
			buildConfigurations = (
				04D843DA2B5277A00090B0D8 /* Debug */,
				04D843DB2B5277A00090B0D8 /* Release */,
			);
			defaultConfigurationIsVisible = 0;
			defaultConfigurationName = Release;
		};
/* End XCConfigurationList section */
	};
	rootObject = 04D843BD2B52779F0090B0D8 /* Project object */;
}
